// !$*UTF8*$!
{
	archiveVersion = 1;
	classes = {
	};
	objectVersion = 44;
	objects = {

/* Begin PBXBuildFile section */
		8285465C05CBB5FC003C9F95 /* GetURLFromSafari.scpt in Resources */ = {isa = PBXBuildFile; fileRef = 8285465B05CBB5FC003C9F95 /* GetURLFromSafari.scpt */; };
		82956D0305BD6B3500C516A0 /* MainController.h in Headers */ = {isa = PBXBuildFile; fileRef = 82956D0105BD6B3500C516A0 /* MainController.h */; };
		82956D0405BD6B3500C516A0 /* MainController.m in Sources */ = {isa = PBXBuildFile; fileRef = 82956D0205BD6B3500C516A0 /* MainController.m */; };
		82AB8FE905CB786F001C95E3 /* Localizable.strings in Resources */ = {isa = PBXBuildFile; fileRef = 82AB8FE805CB786F001C95E3 /* Localizable.strings */; };
		82B3E70305BC230100248548 /* CWArrayController.h in Headers */ = {isa = PBXBuildFile; fileRef = 82B3E70105BC230100248548 /* CWArrayController.h */; };
		82B3E70405BC230100248548 /* CWArrayController.m in Sources */ = {isa = PBXBuildFile; fileRef = 82B3E70205BC230100248548 /* CWArrayController.m */; };
		82B3E71805BC26DA00248548 /* DownloadItem.h in Headers */ = {isa = PBXBuildFile; fileRef = 82B3E71605BC26DA00248548 /* DownloadItem.h */; };
		82B3E71905BC26DA00248548 /* DownloadItem.m in Sources */ = {isa = PBXBuildFile; fileRef = 82B3E71705BC26DA00248548 /* DownloadItem.m */; };
		82B3E78005BC2DAE00248548 /* CocoaWget.icns in Resources */ = {isa = PBXBuildFile; fileRef = 82B3E77F05BC2DAE00248548 /* CocoaWget.icns */; };
		82B3E7F105BC3EC800248548 /* wget in Resources */ = {isa = PBXBuildFile; fileRef = 82B3E7F005BC3EC800248548 /* wget */; };
		8D1107280486CEB800E47090 /* CocoaWget_Prefix.pch in Headers */ = {isa = PBXBuildFile; fileRef = 32CA4F630368D1EE00C91783 /* CocoaWget_Prefix.pch */; };
		8D11072A0486CEB800E47090 /* MainMenu.nib in Resources */ = {isa = PBXBuildFile; fileRef = 29B97318FDCFA39411CA2CEA /* MainMenu.nib */; };
		8D11072B0486CEB800E47090 /* InfoPlist.strings in Resources */ = {isa = PBXBuildFile; fileRef = 089C165CFE840E0CC02AAC07 /* InfoPlist.strings */; };
		8D11072D0486CEB800E47090 /* main.m in Sources */ = {isa = PBXBuildFile; fileRef = 29B97316FDCFA39411CA2CEA /* main.m */; settings = {ATTRIBUTES = (); }; };
		8D11072F0486CEB800E47090 /* Cocoa.framework in Frameworks */ = {isa = PBXBuildFile; fileRef = 1058C7A1FEA54F0111CA2CBB /* Cocoa.framework */; };
/* End PBXBuildFile section */

/* Begin PBXFileReference section */
		089C165DFE840E0CC02AAC07 /* English */ = {isa = PBXFileReference; fileEncoding = 10; lastKnownFileType = text.plist.strings; name = English; path = English.lproj/InfoPlist.strings; sourceTree = "<group>"; };
		1058C7A1FEA54F0111CA2CBB /* Cocoa.framework */ = {isa = PBXFileReference; lastKnownFileType = wrapper.framework; name = Cocoa.framework; path = /System/Library/Frameworks/Cocoa.framework; sourceTree = "<absolute>"; };
		29B97316FDCFA39411CA2CEA /* main.m */ = {isa = PBXFileReference; fileEncoding = 30; lastKnownFileType = sourcecode.c.objc; path = main.m; sourceTree = "<group>"; };
		29B97319FDCFA39411CA2CEA /* English */ = {isa = PBXFileReference; lastKnownFileType = wrapper.nib; name = English; path = English.lproj/MainMenu.nib; sourceTree = "<group>"; };
		29B97324FDCFA39411CA2CEA /* AppKit.framework */ = {isa = PBXFileReference; lastKnownFileType = wrapper.framework; name = AppKit.framework; path = /System/Library/Frameworks/AppKit.framework; sourceTree = "<absolute>"; };
		29B97325FDCFA39411CA2CEA /* Foundation.framework */ = {isa = PBXFileReference; lastKnownFileType = wrapper.framework; name = Foundation.framework; path = /System/Library/Frameworks/Foundation.framework; sourceTree = "<absolute>"; };
		32CA4F630368D1EE00C91783 /* CocoaWget_Prefix.pch */ = {isa = PBXFileReference; fileEncoding = 4; lastKnownFileType = sourcecode.c.h; path = CocoaWget_Prefix.pch; sourceTree = "<group>"; };
		8285465B05CBB5FC003C9F95 /* GetURLFromSafari.scpt */ = {isa = PBXFileReference; lastKnownFileType = sourcecode.scpt; path = GetURLFromSafari.scpt; sourceTree = "<group>"; };
		828EB82D0BDE48590002F474 /* German */ = {isa = PBXFileReference; lastKnownFileType = wrapper.nib; name = German; path = German.lproj/MainMenu.nib; sourceTree = "<group>"; };
		828EB8400BDE48BD0002F474 /* German */ = {isa = PBXFileReference; lastKnownFileType = text.plist.strings; name = German; path = German.lproj/Localizable.strings; sourceTree = "<group>"; };
		82956D0105BD6B3500C516A0 /* MainController.h */ = {isa = PBXFileReference; fileEncoding = 0; lastKnownFileType = sourcecode.c.h; path = MainController.h; sourceTree = "<group>"; };
		82956D0205BD6B3500C516A0 /* MainController.m */ = {isa = PBXFileReference; fileEncoding = 0; lastKnownFileType = sourcecode.c.objc; path = MainController.m; sourceTree = "<group>"; };
		82AB8F6D05CB6165001C95E3 /* Japanese */ = {isa = PBXFileReference; lastKnownFileType = wrapper.nib; name = Japanese; path = Japanese.lproj/MainMenu.nib; sourceTree = "<group>"; };
		82AB8FDF05CB784D001C95E3 /* English */ = {isa = PBXFileReference; fileEncoding = 4; lastKnownFileType = text.plist.strings; name = English; path = English.lproj/Localizable.strings; sourceTree = "<group>"; };
		82AB8FF405CB7885001C95E3 /* Japanese */ = {isa = PBXFileReference; fileEncoding = 4; lastKnownFileType = text.plist.strings; name = Japanese; path = Japanese.lproj/Localizable.strings; sourceTree = "<group>"; };
		82B3E70105BC230100248548 /* CWArrayController.h */ = {isa = PBXFileReference; fileEncoding = 0; lastKnownFileType = sourcecode.c.h; path = CWArrayController.h; sourceTree = "<group>"; };
		82B3E70205BC230100248548 /* CWArrayController.m */ = {isa = PBXFileReference; fileEncoding = 0; lastKnownFileType = sourcecode.c.objc; path = CWArrayController.m; sourceTree = "<group>"; };
		82B3E71605BC26DA00248548 /* DownloadItem.h */ = {isa = PBXFileReference; fileEncoding = 0; lastKnownFileType = sourcecode.c.h; path = DownloadItem.h; sourceTree = "<group>"; };
		82B3E71705BC26DA00248548 /* DownloadItem.m */ = {isa = PBXFileReference; fileEncoding = 0; lastKnownFileType = sourcecode.c.objc; path = DownloadItem.m; sourceTree = "<group>"; };
		82B3E77F05BC2DAE00248548 /* CocoaWget.icns */ = {isa = PBXFileReference; lastKnownFileType = image.icns; path = CocoaWget.icns; sourceTree = "<group>"; };
		82B3E7F005BC3EC800248548 /* wget */ = {isa = PBXFileReference; lastKnownFileType = "compiled.mach-o.executable"; path = wget; sourceTree = "<group>"; };
		8D1107310486CEB800E47090 /* Info.plist */ = {isa = PBXFileReference; fileEncoding = 4; lastKnownFileType = text.plist; path = Info.plist; sourceTree = "<group>"; };
		8D1107320486CEB800E47090 /* CocoaWget.app */ = {isa = PBXFileReference; explicitFileType = wrapper.application; includeInIndex = 0; path = CocoaWget.app; sourceTree = BUILT_PRODUCTS_DIR; };
/* End PBXFileReference section */

/* Begin PBXFrameworksBuildPhase section */
		8D11072E0486CEB800E47090 /* Frameworks */ = {
			isa = PBXFrameworksBuildPhase;
			buildActionMask = 2147483647;
			files = (
				8D11072F0486CEB800E47090 /* Cocoa.framework in Frameworks */,
			);
			runOnlyForDeploymentPostprocessing = 0;
		};
/* End PBXFrameworksBuildPhase section */

/* Begin PBXGroup section */
		080E96DDFE201D6D7F000001 /* Classes */ = {
			isa = PBXGroup;
			children = (
				82956D0105BD6B3500C516A0 /* MainController.h */,
				82956D0205BD6B3500C516A0 /* MainController.m */,
				82B3E70105BC230100248548 /* CWArrayController.h */,
				82B3E70205BC230100248548 /* CWArrayController.m */,
				82B3E71605BC26DA00248548 /* DownloadItem.h */,
				82B3E71705BC26DA00248548 /* DownloadItem.m */,
			);
			name = Classes;
			sourceTree = "<group>";
		};
		1058C7A0FEA54F0111CA2CBB /* Linked Frameworks */ = {
			isa = PBXGroup;
			children = (
				1058C7A1FEA54F0111CA2CBB /* Cocoa.framework */,
			);
			name = "Linked Frameworks";
			sourceTree = "<group>";
		};
		1058C7A2FEA54F0111CA2CBB /* Other Frameworks */ = {
			isa = PBXGroup;
			children = (
				29B97325FDCFA39411CA2CEA /* Foundation.framework */,
				29B97324FDCFA39411CA2CEA /* AppKit.framework */,
			);
			name = "Other Frameworks";
			sourceTree = "<group>";
		};
		19C28FACFE9D520D11CA2CBB /* Products */ = {
			isa = PBXGroup;
			children = (
				8D1107320486CEB800E47090 /* CocoaWget.app */,
			);
			name = Products;
			sourceTree = "<group>";
		};
		29B97314FDCFA39411CA2CEA /* CocoaWget */ = {
			isa = PBXGroup;
			children = (
				080E96DDFE201D6D7F000001 /* Classes */,
				29B97315FDCFA39411CA2CEA /* Other Sources */,
				29B97317FDCFA39411CA2CEA /* Resources */,
				29B97323FDCFA39411CA2CEA /* Frameworks */,
				19C28FACFE9D520D11CA2CBB /* Products */,
			);
			name = CocoaWget;
			sourceTree = "<group>";
		};
		29B97315FDCFA39411CA2CEA /* Other Sources */ = {
			isa = PBXGroup;
			children = (
				32CA4F630368D1EE00C91783 /* CocoaWget_Prefix.pch */,
				29B97316FDCFA39411CA2CEA /* main.m */,
			);
			name = "Other Sources";
			sourceTree = "<group>";
		};
		29B97317FDCFA39411CA2CEA /* Resources */ = {
			isa = PBXGroup;
			children = (
				8285465B05CBB5FC003C9F95 /* GetURLFromSafari.scpt */,
				82B3E7F005BC3EC800248548 /* wget */,
				82B3E77F05BC2DAE00248548 /* CocoaWget.icns */,
				8D1107310486CEB800E47090 /* Info.plist */,
				089C165CFE840E0CC02AAC07 /* InfoPlist.strings */,
				29B97318FDCFA39411CA2CEA /* MainMenu.nib */,
				82AB8FE805CB786F001C95E3 /* Localizable.strings */,
			);
			name = Resources;
			sourceTree = "<group>";
		};
		29B97323FDCFA39411CA2CEA /* Frameworks */ = {
			isa = PBXGroup;
			children = (
				1058C7A0FEA54F0111CA2CBB /* Linked Frameworks */,
				1058C7A2FEA54F0111CA2CBB /* Other Frameworks */,
			);
			name = Frameworks;
			sourceTree = "<group>";
		};
/* End PBXGroup section */

/* Begin PBXHeadersBuildPhase section */
		8D1107270486CEB800E47090 /* Headers */ = {
			isa = PBXHeadersBuildPhase;
			buildActionMask = 2147483647;
			files = (
				8D1107280486CEB800E47090 /* CocoaWget_Prefix.pch in Headers */,
				82B3E70305BC230100248548 /* CWArrayController.h in Headers */,
				82B3E71805BC26DA00248548 /* DownloadItem.h in Headers */,
				82956D0305BD6B3500C516A0 /* MainController.h in Headers */,
			);
			runOnlyForDeploymentPostprocessing = 0;
		};
/* End PBXHeadersBuildPhase section */

/* Begin PBXNativeTarget section */
		8D1107260486CEB800E47090 /* CocoaWget */ = {
			isa = PBXNativeTarget;
			buildConfigurationList = 82E062CB08AD8FA50058ECB1 /* Build configuration list for PBXNativeTarget "CocoaWget" */;
			buildPhases = (
				8D1107270486CEB800E47090 /* Headers */,
				8D1107290486CEB800E47090 /* Resources */,
				8D11072C0486CEB800E47090 /* Sources */,
				8D11072E0486CEB800E47090 /* Frameworks */,
			);
			buildRules = (
			);
			dependencies = (
			);
			name = CocoaWget;
			productInstallPath = "$(HOME)/Applications";
			productName = CocoaWget;
			productReference = 8D1107320486CEB800E47090 /* CocoaWget.app */;
			productType = "com.apple.product-type.application";
		};
/* End PBXNativeTarget section */

/* Begin PBXProject section */
		29B97313FDCFA39411CA2CEA /* Project object */ = {
			isa = PBXProject;
			buildConfigurationList = 82E062CF08AD8FA50058ECB1 /* Build configuration list for PBXProject "CocoaWget" */;
			compatibilityVersion = "Xcode 3.0";
			hasScannedForEncodings = 1;
			mainGroup = 29B97314FDCFA39411CA2CEA /* CocoaWget */;
			projectDirPath = "";
			projectRoot = "";
			targets = (
				8D1107260486CEB800E47090 /* CocoaWget */,
			);
		};
/* End PBXProject section */

/* Begin PBXResourcesBuildPhase section */
		8D1107290486CEB800E47090 /* Resources */ = {
			isa = PBXResourcesBuildPhase;
			buildActionMask = 2147483647;
			files = (
				8D11072A0486CEB800E47090 /* MainMenu.nib in Resources */,
				8D11072B0486CEB800E47090 /* InfoPlist.strings in Resources */,
				82B3E78005BC2DAE00248548 /* CocoaWget.icns in Resources */,
				82B3E7F105BC3EC800248548 /* wget in Resources */,
				82AB8FE905CB786F001C95E3 /* Localizable.strings in Resources */,
				8285465C05CBB5FC003C9F95 /* GetURLFromSafari.scpt in Resources */,
			);
			runOnlyForDeploymentPostprocessing = 0;
		};
/* End PBXResourcesBuildPhase section */

/* Begin PBXSourcesBuildPhase section */
		8D11072C0486CEB800E47090 /* Sources */ = {
			isa = PBXSourcesBuildPhase;
			buildActionMask = 2147483647;
			files = (
				8D11072D0486CEB800E47090 /* main.m in Sources */,
				82B3E70405BC230100248548 /* CWArrayController.m in Sources */,
				82B3E71905BC26DA00248548 /* DownloadItem.m in Sources */,
				82956D0405BD6B3500C516A0 /* MainController.m in Sources */,
			);
			runOnlyForDeploymentPostprocessing = 0;
		};
/* End PBXSourcesBuildPhase section */

/* Begin PBXVariantGroup section */
		089C165CFE840E0CC02AAC07 /* InfoPlist.strings */ = {
			isa = PBXVariantGroup;
			children = (
				089C165DFE840E0CC02AAC07 /* English */,
			);
			name = InfoPlist.strings;
			sourceTree = "<group>";
		};
		29B97318FDCFA39411CA2CEA /* MainMenu.nib */ = {
			isa = PBXVariantGroup;
			children = (
				29B97319FDCFA39411CA2CEA /* English */,
				82AB8F6D05CB6165001C95E3 /* Japanese */,
				828EB82D0BDE48590002F474 /* German */,
			);
			name = MainMenu.nib;
			sourceTree = "<group>";
		};
		82AB8FE805CB786F001C95E3 /* Localizable.strings */ = {
			isa = PBXVariantGroup;
			children = (
				82AB8FDF05CB784D001C95E3 /* English */,
				82AB8FF405CB7885001C95E3 /* Japanese */,
				828EB8400BDE48BD0002F474 /* German */,
			);
			name = Localizable.strings;
			sourceTree = "<group>";
		};
/* End PBXVariantGroup section */

/* Begin XCBuildConfiguration section */
		82E062CC08AD8FA50058ECB1 /* Development */ = {
			isa = XCBuildConfiguration;
			buildSettings = {
				COPY_PHASE_STRIP = NO;
				DEBUGGING_SYMBOLS = YES;
				FRAMEWORK_SEARCH_PATHS = "";
				GCC_DYNAMIC_NO_PIC = NO;
				GCC_ENABLE_FIX_AND_CONTINUE = YES;
				GCC_ENABLE_TRIGRAPHS = NO;
				GCC_GENERATE_DEBUGGING_SYMBOLS = YES;
				GCC_OPTIMIZATION_LEVEL = 0;
				GCC_PRECOMPILE_PREFIX_HEADER = YES;
				GCC_PREFIX_HEADER = CocoaWget_Prefix.pch;
				GCC_WARN_ABOUT_MISSING_PROTOTYPES = NO;
				GCC_WARN_FOUR_CHARACTER_CONSTANTS = NO;
				GCC_WARN_UNKNOWN_PRAGMAS = NO;
				HEADER_SEARCH_PATHS = "";
				INFOPLIST_FILE = Info.plist;
				INSTALL_PATH = "$(HOME)/Applications";
				LIBRARY_SEARCH_PATHS = "";
				OPTIMIZATION_CFLAGS = "-O0";
				OTHER_CFLAGS = "";
				OTHER_LDFLAGS = "";
				PRODUCT_NAME = CocoaWget;
				SECTORDER_FLAGS = "";
				WARNING_CFLAGS = (
					"-Wmost",
					"-Wno-four-char-constants",
					"-Wno-unknown-pragmas",
				);
				WRAPPER_EXTENSION = app;
				ZERO_LINK = YES;
			};
			name = Development;
		};
		82E062CD08AD8FA50058ECB1 /* Deployment */ = {
			isa = XCBuildConfiguration;
			buildSettings = {
				COPY_PHASE_STRIP = YES;
				DEAD_CODE_STRIPPING = YES;
				FRAMEWORK_SEARCH_PATHS = "";
				GCC_DYNAMIC_NO_PIC = YES;
				GCC_ENABLE_CPP_EXCEPTIONS = NO;
				GCC_ENABLE_CPP_RTTI = NO;
				GCC_ENABLE_FIX_AND_CONTINUE = NO;
				GCC_ENABLE_TRIGRAPHS = NO;
				GCC_GENERATE_DEBUGGING_SYMBOLS = NO;
				GCC_PRECOMPILE_PREFIX_HEADER = YES;
				GCC_PREFIX_HEADER = CocoaWget_Prefix.pch;
				GCC_WARN_ABOUT_MISSING_PROTOTYPES = NO;
				GCC_WARN_FOUR_CHARACTER_CONSTANTS = NO;
				GCC_WARN_UNKNOWN_PRAGMAS = NO;
				HEADER_SEARCH_PATHS = "";
				INFOPLIST_FILE = Info.plist;
				INSTALL_PATH = "$(HOME)/Applications";
				LIBRARY_SEARCH_PATHS = "";
				OTHER_CFLAGS = "";
				OTHER_LDFLAGS = "";
				PRESERVE_DEAD_CODE_INITS_AND_TERMS = YES;
				PRODUCT_NAME = CocoaWget;
				SECTORDER_FLAGS = "";
				WARNING_CFLAGS = (
					"-Wmost",
					"-Wno-four-char-constants",
					"-Wno-unknown-pragmas",
				);
				WRAPPER_EXTENSION = app;
				ZERO_LINK = NO;
			};
			name = Deployment;
		};
		82E062CE08AD8FA50058ECB1 /* Default */ = {
			isa = XCBuildConfiguration;
			buildSettings = {
				FRAMEWORK_SEARCH_PATHS = "";
				GCC_ENABLE_TRIGRAPHS = NO;
				GCC_GENERATE_DEBUGGING_SYMBOLS = NO;
				GCC_PRECOMPILE_PREFIX_HEADER = YES;
				GCC_PREFIX_HEADER = CocoaWget_Prefix.pch;
				GCC_WARN_ABOUT_MISSING_PROTOTYPES = NO;
				GCC_WARN_FOUR_CHARACTER_CONSTANTS = NO;
				GCC_WARN_UNKNOWN_PRAGMAS = NO;
				HEADER_SEARCH_PATHS = "";
				INFOPLIST_FILE = Info.plist;
				INSTALL_PATH = "$(HOME)/Applications";
				LIBRARY_SEARCH_PATHS = "";
				OTHER_CFLAGS = "";
				OTHER_LDFLAGS = "";
				PRODUCT_NAME = CocoaWget;
				SECTORDER_FLAGS = "";
				WARNING_CFLAGS = (
					"-Wmost",
					"-Wno-four-char-constants",
					"-Wno-unknown-pragmas",
				);
				WRAPPER_EXTENSION = app;
			};
			name = Default;
		};
		82E062D008AD8FA50058ECB1 /* Development */ = {
			isa = XCBuildConfiguration;
			buildSettings = {
				ARCHS = (
					ppc,
					i386,
				);
				GCC_DYNAMIC_NO_PIC = YES;
				GCC_FAST_OBJC_DISPATCH = YES;
				GCC_MODEL_TUNING = "";
				MACOSX_DEPLOYMENT_TARGET = 10.4;
				SDKROOT = "$(DEVELOPER_SDK_DIR)/MacOSX10.5.sdk";
			};
			name = Development;
		};
		82E062D108AD8FA50058ECB1 /* Deployment */ = {
			isa = XCBuildConfiguration;
			buildSettings = {
				ARCHS = (
					i386,
					ppc,
				);
				DEAD_CODE_STRIPPING = YES;
				GCC_DYNAMIC_NO_PIC = YES;
				GCC_FAST_OBJC_DISPATCH = YES;
				GCC_GENERATE_DEBUGGING_SYMBOLS = NO;
				GCC_MODEL_TUNING = "";
				MACOSX_DEPLOYMENT_TARGET = 10.5;
				PRESERVE_DEAD_CODE_INITS_AND_TERMS = YES;
				SDKROOT = "$(DEVELOPER_SDK_DIR)/MacOSX10.5.sdk";
				VALID_ARCHS = i386;
			};
			name = Deployment;
		};
		82E062D208AD8FA50058ECB1 /* Default */ = {
			isa = XCBuildConfiguration;
			buildSettings = {
				ARCHS = (
					ppc,
					i386,
				);
				MACOSX_DEPLOYMENT_TARGET = 10.4;
				SDKROOT = "$(DEVELOPER_SDK_DIR)/MacOSX10.5.sdk";
			};
			name = Default;
		};
/* End XCBuildConfiguration section */

/* Begin XCConfigurationList section */
		82E062CB08AD8FA50058ECB1 /* Build configuration list for PBXNativeTarget "CocoaWget" */ = {
			isa = XCConfigurationList;
			buildConfigurations = (
				82E062CC08AD8FA50058ECB1 /* Development */,
				82E062CD08AD8FA50058ECB1 /* Deployment */,
				82E062CE08AD8FA50058ECB1 /* Default */,
			);
			defaultConfigurationIsVisible = 0;
			defaultConfigurationName = Default;
		};
		82E062CF08AD8FA50058ECB1 /* Build configuration list for PBXProject "CocoaWget" */ = {
			isa = XCConfigurationList;
			buildConfigurations = (
				82E062D008AD8FA50058ECB1 /* Development */,
				82E062D108AD8FA50058ECB1 /* Deployment */,
				82E062D208AD8FA50058ECB1 /* Default */,
			);
			defaultConfigurationIsVisible = 0;
			defaultConfigurationName = Default;
		};
/* End XCConfigurationList section */
	};
	rootObject = 29B97313FDCFA39411CA2CEA /* Project object */;
}
